
Microsoft Visual Studio Solution File, Format Version 12.00
# Visual Studio 15
Project("{FAE04EC0-301F-11D3-BF4B-00C04F79EFBC}") = "Unity.Timeline", "Unity.Timeline.csproj", "{FDA8C3C9-88E5-D91A-8A17-3C98AF683263}"
EndProject
Project("{FAE04EC0-301F-11D3-BF4B-00C04F79EFBC}") = "Unity.Timeline.Editor", "Unity.Timeline.Editor.csproj", "{CACD095C-1DDC-929E-E37E-0E838C327C4F}"
EndProject
Project("{FAE04EC0-301F-11D3-BF4B-00C04F79EFBC}") = "Unity.TextMeshPro.Editor", "Unity.TextMeshPro.Editor.csproj", "{772C4424-A426-A909-D8E5-D75A1C7AFCD4}"
EndProject
Project("{FAE04EC0-301F-11D3-BF4B-00C04F79EFBC}") = "Unity.PlasticSCM.Editor", "Unity.PlasticSCM.Editor.csproj", "{7A96E5E6-A9E2-039C-714F-5DDECA1A67ED}"
EndProject
Project("{FAE04EC0-301F-11D3-BF4B-00C04F79EFBC}") = "Unity.VisualScripting.Flow", "Unity.VisualScripting.Flow.csproj", "{C2D42C39-D0B8-F6E4-BD91-B2CB09E8372A}"
EndProject
Project("{FAE04EC0-301F-11D3-BF4B-00C04F79EFBC}") = "UnityEditor.UI", "UnityEditor.UI.csproj", "{C9A63364-C3F5-2641-B00D-60E6E2EC53E8}"
EndProject
Project("{FAE04EC0-301F-11D3-BF4B-00C04F79EFBC}") = "Unity.VisualScripting.Core", "Unity.VisualScripting.Core.csproj", "{F5CA60C0-A8C8-A804-BFA5-6B5BA2B67A77}"
EndProject
Project("{FAE04EC0-301F-11D3-BF4B-00C04F79EFBC}") = "Unity.VisualScripting.Core.Editor", "Unity.VisualScripting.Core.Editor.csproj", "{48DC7512-BEA1-6A50-47F5-5D805CDC041A}"
EndProject
Project("{FAE04EC0-301F-11D3-BF4B-00C04F79EFBC}") = "Unity.VisualScripting.Flow.Editor", "Unity.VisualScripting.Flow.Editor.csproj", "{4B6282EF-F8BD-9102-92D6-7D66046A3049}"
EndProject
Project("{FAE04EC0-301F-11D3-BF4B-00C04F79EFBC}") = "UnityEditor.TestRunner", "UnityEditor.TestRunner.csproj", "{98C48710-6031-9501-860D-DD72D6AA0CEB}"
EndProject
Project("{FAE04EC0-301F-11D3-BF4B-00C04F79EFBC}") = "Unity.VisualScripting.SettingsProvider.Editor", "Unity.VisualScripting.SettingsProvider.Editor.csproj", "{493FE98A-B358-D7CE-7632-C6BD6F259CF4}"
EndProject
Project("{FAE04EC0-301F-11D3-BF4B-00C04F79EFBC}") = "UnityEngine.TestRunner", "UnityEngine.TestRunner.csproj", "{F65ABC54-EE4D-77DA-2D86-49A518F931E2}"
EndProject
Project("{FAE04EC0-301F-11D3-BF4B-00C04F79EFBC}") = "UnityEngine.UI", "UnityEngine.UI.csproj", "{F108A61F-327E-2B90-E4E5-A2108F6BA032}"
EndProject
Project("{FAE04EC0-301F-11D3-BF4B-00C04F79EFBC}") = "Unity.VisualStudio.Editor", "Unity.VisualStudio.Editor.csproj", "{5E471B9C-903B-95F2-1B19-C7AE9A3E04C4}"
EndProject
Project("{FAE04EC0-301F-11D3-BF4B-00C04F79EFBC}") = "Unity.TestTools.CodeCoverage.Editor.OpenCover.Model", "Unity.TestTools.CodeCoverage.Editor.OpenCover.Model.csproj", "{37F5E8A5-B144-6AE2-E4AA-677F20CC1CDC}"
EndProject
Project("{FAE04EC0-301F-11D3-BF4B-00C04F79EFBC}") = "Unity.Rider.Editor", "Unity.Rider.Editor.csproj", "{1E05E2DB-94BC-18AD-2EF1-EDF820733C0F}"
EndProject
Project("{FAE04EC0-301F-11D3-BF4B-00C04F79EFBC}") = "Assembly-CSharp", "Assembly-CSharp.csproj", "{54708ADF-F142-24EC-43B1-7D3122CDCA59}"
EndProject
Project("{FAE04EC0-301F-11D3-BF4B-00C04F79EFBC}") = "Unity.CollabProxy.Editor", "Unity.CollabProxy.Editor.csproj", "{CFB6ACC8-5C1A-82D2-92FC-B38F51CD71AA}"
EndProject
Project("{FAE04EC0-301F-11D3-BF4B-00C04F79EFBC}") = "Unity.VisualScripting.State.Editor", "Unity.VisualScripting.State.Editor.csproj", "{2985A996-76C5-D292-0DB2-48EC8CAC829D}"
EndProject
Project("{FAE04EC0-301F-11D3-BF4B-00C04F79EFBC}") = "Unity.TestTools.CodeCoverage.Editor", "Unity.TestTools.CodeCoverage.Editor.csproj", "{A7273575-82F5-1F2B-96D6-078BC5E93CC7}"
EndProject
Project("{FAE04EC0-301F-11D3-BF4B-00C04F79EFBC}") = "Unity.VisualScripting.State", "Unity.VisualScripting.State.csproj", "{73A34799-7266-0143-5308-B42AC2AB9DA3}"
EndProject
Project("{FAE04EC0-301F-11D3-BF4B-00C04F79EFBC}") = "Unity.TextMeshPro", "Unity.TextMeshPro.csproj", "{43D0967E-974B-A52C-DD51-6C7968F5784B}"
EndProject
Project("{FAE04EC0-301F-11D3-BF4B-00C04F79EFBC}") = "Unity.Performance.Profile-Analyzer.Editor", "Unity.Performance.Profile-Analyzer.Editor.csproj", "{C5BFB3D7-4058-FB1E-6A6A-71EA867DD28A}"
EndProject
Project("{FAE04EC0-301F-11D3-BF4B-00C04F79EFBC}") = "Assembly-CSharp-Editor", "Assembly-CSharp-Editor.csproj", "{9DA070B7-2130-DE01-B6B4-20390FFD8355}"
EndProject
Project("{FAE04EC0-301F-11D3-BF4B-00C04F79EFBC}") = "Unity.VSCode.Editor", "Unity.VSCode.Editor.csproj", "{AA1EAEBB-C681-B8D4-6FA9-7D051A6AB69D}"
EndProject
Project("{FAE04EC0-301F-11D3-BF4B-00C04F79EFBC}") = "Unity.TestTools.CodeCoverage.Editor.OpenCover.Mono.Reflection", "Unity.TestTools.CodeCoverage.Editor.OpenCover.Mono.Reflection.csproj", "{34A6E590-D064-94B4-183A-841B69D0CD38}"
EndProject
Project("{FAE04EC0-301F-11D3-BF4B-00C04F79EFBC}") = "Unity.Settings.Editor", "Unity.Settings.Editor.csproj", "{77E65195-6A85-5D08-45B8-344ADB75683F}"
EndProject
Project("{FAE04EC0-301F-11D3-BF4B-00C04F79EFBC}") = "sc.terrain.painter.runtime", "sc.terrain.painter.runtime.csproj", "{530626A8-4B62-7B1D-51D1-2AEAC0375F1C}"
EndProject
Project("{FAE04EC0-301F-11D3-BF4B-00C04F79EFBC}") = "sc.terrain.painter.editor", "sc.terrain.painter.editor.csproj", "{ACB7AF72-98B5-54D5-F043-C2C22281B5C4}"
EndProject
Project("{FAE04EC0-301F-11D3-BF4B-00C04F79EFBC}") = "Unity.EditorCoroutines.Editor", "Unity.EditorCoroutines.Editor.csproj", "{E807354F-8F0D-F3BE-BFE0-8BE6A903BF87}"
EndProject
Project("{FAE04EC0-301F-11D3-BF4B-00C04F79EFBC}") = "Unity.VisualScripting.Shared.Editor", "Unity.VisualScripting.Shared.Editor.csproj", "{4744EE15-5892-90C1-D0BD-D1CB7290CEB7}"
EndProject
Project("{FAE04EC0-301F-11D3-BF4B-00C04F79EFBC}") = "Unity.Timeline", "Unity.Timeline.Player.csproj", "{E5CAA2B8-5CBB-0ED2-4F75-F80B9CF76680}"
EndProject
Project("{FAE04EC0-301F-11D3-BF4B-00C04F79EFBC}") = "Unity.VisualScripting.Flow", "Unity.VisualScripting.Flow.Player.csproj", "{2E6573ED-AA83-45D0-4E7C-D3761E1CE275}"
EndProject
Project("{FAE04EC0-301F-11D3-BF4B-00C04F79EFBC}") = "Unity.VisualScripting.Core", "Unity.VisualScripting.Core.Player.csproj", "{BCE69BAD-5DAE-B882-CA87-D76C4D0E4E5A}"
EndProject
Project("{FAE04EC0-301F-11D3-BF4B-00C04F79EFBC}") = "UnityEngine.TestRunner", "UnityEngine.TestRunner.Player.csproj", "{D49B591E-86E8-9921-93E2-EFE326D2BD1F}"
EndProject
Project("{FAE04EC0-301F-11D3-BF4B-00C04F79EFBC}") = "UnityEngine.UI", "UnityEngine.UI.Player.csproj", "{1FB8CE18-4412-73F7-BAD3-6C0F1B749C6C}"
EndProject
Project("{FAE04EC0-301F-11D3-BF4B-00C04F79EFBC}") = "Assembly-CSharp", "Assembly-CSharp.Player.csproj", "{ADDD66B0-550F-8B2A-5581-EF518376A9DF}"
EndProject
Project("{FAE04EC0-301F-11D3-BF4B-00C04F79EFBC}") = "Unity.VisualScripting.State", "Unity.VisualScripting.State.Player.csproj", "{5806AE33-FAE2-FAE5-829A-FDC4A467AFA3}"
EndProject
Project("{FAE04EC0-301F-11D3-BF4B-00C04F79EFBC}") = "Unity.TextMeshPro", "Unity.TextMeshPro.Player.csproj", "{C5DBB63A-EC13-35F1-4E9D-8040A83F32B4}"
EndProject
Project("{FAE04EC0-301F-11D3-BF4B-00C04F79EFBC}") = "sc.terrain.painter.runtime", "sc.terrain.painter.runtime.Player.csproj", "{6F97A8B4-19D1-628E-9D30-D664E54557AD}"
EndProject
Global
	GlobalSection(SolutionConfigurationPlatforms) = preSolution
		Debug|Any CPU = Debug|Any CPU
		Release|Any CPU = Release|Any CPU
	EndGlobalSection
	GlobalSection(ProjectConfigurationPlatforms) = postSolution
		{FDA8C3C9-88E5-D91A-8A17-3C98AF683263}.Debug|Any CPU.ActiveCfg = Debug|Any CPU
		{FDA8C3C9-88E5-D91A-8A17-3C98AF683263}.Debug|Any CPU.Build.0 = Debug|Any CPU
		{FDA8C3C9-88E5-D91A-8A17-3C98AF683263}.Release|Any CPU.ActiveCfg = Release|Any CPU
		{FDA8C3C9-88E5-D91A-8A17-3C98AF683263}.Release|Any CPU.Build.0 = Release|Any CPU
		{CACD095C-1DDC-929E-E37E-0E838C327C4F}.Debug|Any CPU.ActiveCfg = Debug|Any CPU
		{CACD095C-1DDC-929E-E37E-0E838C327C4F}.Debug|Any CPU.Build.0 = Debug|Any CPU
		{CACD095C-1DDC-929E-E37E-0E838C327C4F}.Release|Any CPU.ActiveCfg = Release|Any CPU
		{CACD095C-1DDC-929E-E37E-0E838C327C4F}.Release|Any CPU.Build.0 = Release|Any CPU
		{772C4424-A426-A909-D8E5-D75A1C7AFCD4}.Debug|Any CPU.ActiveCfg = Debug|Any CPU
		{772C4424-A426-A909-D8E5-D75A1C7AFCD4}.Debug|Any CPU.Build.0 = Debug|Any CPU
		{772C4424-A426-A909-D8E5-D75A1C7AFCD4}.Release|Any CPU.ActiveCfg = Release|Any CPU
		{772C4424-A426-A909-D8E5-D75A1C7AFCD4}.Release|Any CPU.Build.0 = Release|Any CPU
		{7A96E5E6-A9E2-039C-714F-5DDECA1A67ED}.Debug|Any CPU.ActiveCfg = Debug|Any CPU
		{7A96E5E6-A9E2-039C-714F-5DDECA1A67ED}.Debug|Any CPU.Build.0 = Debug|Any CPU
		{7A96E5E6-A9E2-039C-714F-5DDECA1A67ED}.Release|Any CPU.ActiveCfg = Release|Any CPU
		{7A96E5E6-A9E2-039C-714F-5DDECA1A67ED}.Release|Any CPU.Build.0 = Release|Any CPU
		{C2D42C39-D0B8-F6E4-BD91-B2CB09E8372A}.Debug|Any CPU.ActiveCfg = Debug|Any CPU
		{C2D42C39-D0B8-F6E4-BD91-B2CB09E8372A}.Debug|Any CPU.Build.0 = Debug|Any CPU
		{C2D42C39-D0B8-F6E4-BD91-B2CB09E8372A}.Release|Any CPU.ActiveCfg = Release|Any CPU
		{C2D42C39-D0B8-F6E4-BD91-B2CB09E8372A}.Release|Any CPU.Build.0 = Release|Any CPU
		{C9A63364-C3F5-2641-B00D-60E6E2EC53E8}.Debug|Any CPU.ActiveCfg = Debug|Any CPU
		{C9A63364-C3F5-2641-B00D-60E6E2EC53E8}.Debug|Any CPU.Build.0 = Debug|Any CPU
		{C9A63364-C3F5-2641-B00D-60E6E2EC53E8}.Release|Any CPU.ActiveCfg = Release|Any CPU
		{C9A63364-C3F5-2641-B00D-60E6E2EC53E8}.Release|Any CPU.Build.0 = Release|Any CPU
		{F5CA60C0-A8C8-A804-BFA5-6B5BA2B67A77}.Debug|Any CPU.ActiveCfg = Debug|Any CPU
		{F5CA60C0-A8C8-A804-BFA5-6B5BA2B67A77}.Debug|Any CPU.Build.0 = Debug|Any CPU
		{F5CA60C0-A8C8-A804-BFA5-6B5BA2B67A77}.Release|Any CPU.ActiveCfg = Release|Any CPU
		{F5CA60C0-A8C8-A804-BFA5-6B5BA2B67A77}.Release|Any CPU.Build.0 = Release|Any CPU
		{48DC7512-BEA1-6A50-47F5-5D805CDC041A}.Debug|Any CPU.ActiveCfg = Debug|Any CPU
		{48DC7512-BEA1-6A50-47F5-5D805CDC041A}.Debug|Any CPU.Build.0 = Debug|Any CPU
		{48DC7512-BEA1-6A50-47F5-5D805CDC041A}.Release|Any CPU.ActiveCfg = Release|Any CPU
		{48DC7512-BEA1-6A50-47F5-5D805CDC041A}.Release|Any CPU.Build.0 = Release|Any CPU
		{4B6282EF-F8BD-9102-92D6-7D66046A3049}.Debug|Any CPU.ActiveCfg = Debug|Any CPU
		{4B6282EF-F8BD-9102-92D6-7D66046A3049}.Debug|Any CPU.Build.0 = Debug|Any CPU
		{4B6282EF-F8BD-9102-92D6-7D66046A3049}.Release|Any CPU.ActiveCfg = Release|Any CPU
		{4B6282EF-F8BD-9102-92D6-7D66046A3049}.Release|Any CPU.Build.0 = Release|Any CPU
		{98C48710-6031-9501-860D-DD72D6AA0CEB}.Debug|Any CPU.ActiveCfg = Debug|Any CPU
		{98C48710-6031-9501-860D-DD72D6AA0CEB}.Debug|Any CPU.Build.0 = Debug|Any CPU
		{98C48710-6031-9501-860D-DD72D6AA0CEB}.Release|Any CPU.ActiveCfg = Release|Any CPU
		{98C48710-6031-9501-860D-DD72D6AA0CEB}.Release|Any CPU.Build.0 = Release|Any CPU
		{493FE98A-B358-D7CE-7632-C6BD6F259CF4}.Debug|Any CPU.ActiveCfg = Debug|Any CPU
		{493FE98A-B358-D7CE-7632-C6BD6F259CF4}.Debug|Any CPU.Build.0 = Debug|Any CPU
		{493FE98A-B358-D7CE-7632-C6BD6F259CF4}.Release|Any CPU.ActiveCfg = Release|Any CPU
		{493FE98A-B358-D7CE-7632-C6BD6F259CF4}.Release|Any CPU.Build.0 = Release|Any CPU
		{F65ABC54-EE4D-77DA-2D86-49A518F931E2}.Debug|Any CPU.ActiveCfg = Debug|Any CPU
		{F65ABC54-EE4D-77DA-2D86-49A518F931E2}.Debug|Any CPU.Build.0 = Debug|Any CPU
		{F65ABC54-EE4D-77DA-2D86-49A518F931E2}.Release|Any CPU.ActiveCfg = Release|Any CPU
		{F65ABC54-EE4D-77DA-2D86-49A518F931E2}.Release|Any CPU.Build.0 = Release|Any CPU
		{F108A61F-327E-2B90-E4E5-A2108F6BA032}.Debug|Any CPU.ActiveCfg = Debug|Any CPU
		{F108A61F-327E-2B90-E4E5-A2108F6BA032}.Debug|Any CPU.Build.0 = Debug|Any CPU
		{F108A61F-327E-2B90-E4E5-A2108F6BA032}.Release|Any CPU.ActiveCfg = Release|Any CPU
		{F108A61F-327E-2B90-E4E5-A2108F6BA032}.Release|Any CPU.Build.0 = Release|Any CPU
		{5E471B9C-903B-95F2-1B19-C7AE9A3E04C4}.Debug|Any CPU.ActiveCfg = Debug|Any CPU
		{5E471B9C-903B-95F2-1B19-C7AE9A3E04C4}.Debug|Any CPU.Build.0 = Debug|Any CPU
		{5E471B9C-903B-95F2-1B19-C7AE9A3E04C4}.Release|Any CPU.ActiveCfg = Release|Any CPU
		{5E471B9C-903B-95F2-1B19-C7AE9A3E04C4}.Release|Any CPU.Build.0 = Release|Any CPU
		{37F5E8A5-B144-6AE2-E4AA-677F20CC1CDC}.Debug|Any CPU.ActiveCfg = Debug|Any CPU
		{37F5E8A5-B144-6AE2-E4AA-677F20CC1CDC}.Debug|Any CPU.Build.0 = Debug|Any CPU
		{37F5E8A5-B144-6AE2-E4AA-677F20CC1CDC}.Release|Any CPU.ActiveCfg = Release|Any CPU
		{37F5E8A5-B144-6AE2-E4AA-677F20CC1CDC}.Release|Any CPU.Build.0 = Release|Any CPU
		{1E05E2DB-94BC-18AD-2EF1-EDF820733C0F}.Debug|Any CPU.ActiveCfg = Debug|Any CPU
		{1E05E2DB-94BC-18AD-2EF1-EDF820733C0F}.Debug|Any CPU.Build.0 = Debug|Any CPU
		{1E05E2DB-94BC-18AD-2EF1-EDF820733C0F}.Release|Any CPU.ActiveCfg = Release|Any CPU
		{1E05E2DB-94BC-18AD-2EF1-EDF820733C0F}.Release|Any CPU.Build.0 = Release|Any CPU
		{54708ADF-F142-24EC-43B1-7D3122CDCA59}.Debug|Any CPU.ActiveCfg = Debug|Any CPU
		{54708ADF-F142-24EC-43B1-7D3122CDCA59}.Debug|Any CPU.Build.0 = Debug|Any CPU
		{54708ADF-F142-24EC-43B1-7D3122CDCA59}.Release|Any CPU.ActiveCfg = Release|Any CPU
		{54708ADF-F142-24EC-43B1-7D3122CDCA59}.Release|Any CPU.Build.0 = Release|Any CPU
		{CFB6ACC8-5C1A-82D2-92FC-B38F51CD71AA}.Debug|Any CPU.ActiveCfg = Debug|Any CPU
		{CFB6ACC8-5C1A-82D2-92FC-B38F51CD71AA}.Debug|Any CPU.Build.0 = Debug|Any CPU
		{CFB6ACC8-5C1A-82D2-92FC-B38F51CD71AA}.Release|Any CPU.ActiveCfg = Release|Any CPU
		{CFB6ACC8-5C1A-82D2-92FC-B38F51CD71AA}.Release|Any CPU.Build.0 = Release|Any CPU
		{2985A996-76C5-D292-0DB2-48EC8CAC829D}.Debug|Any CPU.ActiveCfg = Debug|Any CPU
		{2985A996-76C5-D292-0DB2-48EC8CAC829D}.Debug|Any CPU.Build.0 = Debug|Any CPU
		{2985A996-76C5-D292-0DB2-48EC8CAC829D}.Release|Any CPU.ActiveCfg = Release|Any CPU
		{2985A996-76C5-D292-0DB2-48EC8CAC829D}.Release|Any CPU.Build.0 = Release|Any CPU
		{A7273575-82F5-1F2B-96D6-078BC5E93CC7}.Debug|Any CPU.ActiveCfg = Debug|Any CPU
		{A7273575-82F5-1F2B-96D6-078BC5E93CC7}.Debug|Any CPU.Build.0 = Debug|Any CPU
		{A7273575-82F5-1F2B-96D6-078BC5E93CC7}.Release|Any CPU.ActiveCfg = Release|Any CPU
		{A7273575-82F5-1F2B-96D6-078BC5E93CC7}.Release|Any CPU.Build.0 = Release|Any CPU
		{73A34799-7266-0143-5308-B42AC2AB9DA3}.Debug|Any CPU.ActiveCfg = Debug|Any CPU
		{73A34799-7266-0143-5308-B42AC2AB9DA3}.Debug|Any CPU.Build.0 = Debug|Any CPU
		{73A34799-7266-0143-5308-B42AC2AB9DA3}.Release|Any CPU.ActiveCfg = Release|Any CPU
		{73A34799-7266-0143-5308-B42AC2AB9DA3}.Release|Any CPU.Build.0 = Release|Any CPU
		{43D0967E-974B-A52C-DD51-6C7968F5784B}.Debug|Any CPU.ActiveCfg = Debug|Any CPU
		{43D0967E-974B-A52C-DD51-6C7968F5784B}.Debug|Any CPU.Build.0 = Debug|Any CPU
		{43D0967E-974B-A52C-DD51-6C7968F5784B}.Release|Any CPU.ActiveCfg = Release|Any CPU
		{43D0967E-974B-A52C-DD51-6C7968F5784B}.Release|Any CPU.Build.0 = Release|Any CPU
		{C5BFB3D7-4058-FB1E-6A6A-71EA867DD28A}.Debug|Any CPU.ActiveCfg = Debug|Any CPU
		{C5BFB3D7-4058-FB1E-6A6A-71EA867DD28A}.Debug|Any CPU.Build.0 = Debug|Any CPU
		{C5BFB3D7-4058-FB1E-6A6A-71EA867DD28A}.Release|Any CPU.ActiveCfg = Release|Any CPU
		{C5BFB3D7-4058-FB1E-6A6A-71EA867DD28A}.Release|Any CPU.Build.0 = Release|Any CPU
		{9DA070B7-2130-DE01-B6B4-20390FFD8355}.Debug|Any CPU.ActiveCfg = Debug|Any CPU
		{9DA070B7-2130-DE01-B6B4-20390FFD8355}.Debug|Any CPU.Build.0 = Debug|Any CPU
		{9DA070B7-2130-DE01-B6B4-20390FFD8355}.Release|Any CPU.ActiveCfg = Release|Any CPU
		{9DA070B7-2130-DE01-B6B4-20390FFD8355}.Release|Any CPU.Build.0 = Release|Any CPU
		{AA1EAEBB-C681-B8D4-6FA9-7D051A6AB69D}.Debug|Any CPU.ActiveCfg = Debug|Any CPU
		{AA1EAEBB-C681-B8D4-6FA9-7D051A6AB69D}.Debug|Any CPU.Build.0 = Debug|Any CPU
		{AA1EAEBB-C681-B8D4-6FA9-7D051A6AB69D}.Release|Any CPU.ActiveCfg = Release|Any CPU
		{AA1EAEBB-C681-B8D4-6FA9-7D051A6AB69D}.Release|Any CPU.Build.0 = Release|Any CPU
		{34A6E590-D064-94B4-183A-841B69D0CD38}.Debug|Any CPU.ActiveCfg = Debug|Any CPU
		{34A6E590-D064-94B4-183A-841B69D0CD38}.Debug|Any CPU.Build.0 = Debug|Any CPU
		{34A6E590-D064-94B4-183A-841B69D0CD38}.Release|Any CPU.ActiveCfg = Release|Any CPU
		{34A6E590-D064-94B4-183A-841B69D0CD38}.Release|Any CPU.Build.0 = Release|Any CPU
		{77E65195-6A85-5D08-45B8-344ADB75683F}.Debug|Any CPU.ActiveCfg = Debug|Any CPU
		{77E65195-6A85-5D08-45B8-344ADB75683F}.Debug|Any CPU.Build.0 = Debug|Any CPU
		{77E65195-6A85-5D08-45B8-344ADB75683F}.Release|Any CPU.ActiveCfg = Release|Any CPU
		{77E65195-6A85-5D08-45B8-344ADB75683F}.Release|Any CPU.Build.0 = Release|Any CPU
		{530626A8-4B62-7B1D-51D1-2AEAC0375F1C}.Debug|Any CPU.ActiveCfg = Debug|Any CPU
		{530626A8-4B62-7B1D-51D1-2AEAC0375F1C}.Debug|Any CPU.Build.0 = Debug|Any CPU
		{530626A8-4B62-7B1D-51D1-2AEAC0375F1C}.Release|Any CPU.ActiveCfg = Release|Any CPU
		{530626A8-4B62-7B1D-51D1-2AEAC0375F1C}.Release|Any CPU.Build.0 = Release|Any CPU
		{ACB7AF72-98B5-54D5-F043-C2C22281B5C4}.Debug|Any CPU.ActiveCfg = Debug|Any CPU
		{ACB7AF72-98B5-54D5-F043-C2C22281B5C4}.Debug|Any CPU.Build.0 = Debug|Any CPU
		{ACB7AF72-98B5-54D5-F043-C2C22281B5C4}.Release|Any CPU.ActiveCfg = Release|Any CPU
		{ACB7AF72-98B5-54D5-F043-C2C22281B5C4}.Release|Any CPU.Build.0 = Release|Any CPU
		{E807354F-8F0D-F3BE-BFE0-8BE6A903BF87}.Debug|Any CPU.ActiveCfg = Debug|Any CPU
		{E807354F-8F0D-F3BE-BFE0-8BE6A903BF87}.Debug|Any CPU.Build.0 = Debug|Any CPU
		{E807354F-8F0D-F3BE-BFE0-8BE6A903BF87}.Release|Any CPU.ActiveCfg = Release|Any CPU
		{E807354F-8F0D-F3BE-BFE0-8BE6A903BF87}.Release|Any CPU.Build.0 = Release|Any CPU
		{4744EE15-5892-90C1-D0BD-D1CB7290CEB7}.Debug|Any CPU.ActiveCfg = Debug|Any CPU
		{4744EE15-5892-90C1-D0BD-D1CB7290CEB7}.Debug|Any CPU.Build.0 = Debug|Any CPU
		{4744EE15-5892-90C1-D0BD-D1CB7290CEB7}.Release|Any CPU.ActiveCfg = Release|Any CPU
		{4744EE15-5892-90C1-D0BD-D1CB7290CEB7}.Release|Any CPU.Build.0 = Release|Any CPU
		{E5CAA2B8-5CBB-0ED2-4F75-F80B9CF76680}.Debug|Any CPU.ActiveCfg = Debug|Any CPU
		{E5CAA2B8-5CBB-0ED2-4F75-F80B9CF76680}.Debug|Any CPU.Build.0 = Debug|Any CPU
		{E5CAA2B8-5CBB-0ED2-4F75-F80B9CF76680}.Release|Any CPU.ActiveCfg = Release|Any CPU
		{E5CAA2B8-5CBB-0ED2-4F75-F80B9CF76680}.Release|Any CPU.Build.0 = Release|Any CPU
		{2E6573ED-AA83-45D0-4E7C-D3761E1CE275}.Debug|Any CPU.ActiveCfg = Debug|Any CPU
		{2E6573ED-AA83-45D0-4E7C-D3761E1CE275}.Debug|Any CPU.Build.0 = Debug|Any CPU
		{2E6573ED-AA83-45D0-4E7C-D3761E1CE275}.Release|Any CPU.ActiveCfg = Release|Any CPU
		{2E6573ED-AA83-45D0-4E7C-D3761E1CE275}.Release|Any CPU.Build.0 = Release|Any CPU
		{BCE69BAD-5DAE-B882-CA87-D76C4D0E4E5A}.Debug|Any CPU.ActiveCfg = Debug|Any CPU
		{BCE69BAD-5DAE-B882-CA87-D76C4D0E4E5A}.Debug|Any CPU.Build.0 = Debug|Any CPU
		{BCE69BAD-5DAE-B882-CA87-D76C4D0E4E5A}.Release|Any CPU.ActiveCfg = Release|Any CPU
		{BCE69BAD-5DAE-B882-CA87-D76C4D0E4E5A}.Release|Any CPU.Build.0 = Release|Any CPU
		{D49B591E-86E8-9921-93E2-EFE326D2BD1F}.Debug|Any CPU.ActiveCfg = Debug|Any CPU
		{D49B591E-86E8-9921-93E2-EFE326D2BD1F}.Debug|Any CPU.Build.0 = Debug|Any CPU
		{D49B591E-86E8-9921-93E2-EFE326D2BD1F}.Release|Any CPU.ActiveCfg = Release|Any CPU
		{D49B591E-86E8-9921-93E2-EFE326D2BD1F}.Release|Any CPU.Build.0 = Release|Any CPU
		{1FB8CE18-4412-73F7-BAD3-6C0F1B749C6C}.Debug|Any CPU.ActiveCfg = Debug|Any CPU
		{1FB8CE18-4412-73F7-BAD3-6C0F1B749C6C}.Debug|Any CPU.Build.0 = Debug|Any CPU
		{1FB8CE18-4412-73F7-BAD3-6C0F1B749C6C}.Release|Any CPU.ActiveCfg = Release|Any CPU
		{1FB8CE18-4412-73F7-BAD3-6C0F1B749C6C}.Release|Any CPU.Build.0 = Release|Any CPU
		{ADDD66B0-550F-8B2A-5581-EF518376A9DF}.Debug|Any CPU.ActiveCfg = Debug|Any CPU
		{ADDD66B0-550F-8B2A-5581-EF518376A9DF}.Debug|Any CPU.Build.0 = Debug|Any CPU
		{ADDD66B0-550F-8B2A-5581-EF518376A9DF}.Release|Any CPU.ActiveCfg = Release|Any CPU
		{ADDD66B0-550F-8B2A-5581-EF518376A9DF}.Release|Any CPU.Build.0 = Release|Any CPU
		{5806AE33-FAE2-FAE5-829A-FDC4A467AFA3}.Debug|Any CPU.ActiveCfg = Debug|Any CPU
		{5806AE33-FAE2-FAE5-829A-FDC4A467AFA3}.Debug|Any CPU.Build.0 = Debug|Any CPU
		{5806AE33-FAE2-FAE5-829A-FDC4A467AFA3}.Release|Any CPU.ActiveCfg = Release|Any CPU
		{5806AE33-FAE2-FAE5-829A-FDC4A467AFA3}.Release|Any CPU.Build.0 = Release|Any CPU
		{C5DBB63A-EC13-35F1-4E9D-8040A83F32B4}.Debug|Any CPU.ActiveCfg = Debug|Any CPU
		{C5DBB63A-EC13-35F1-4E9D-8040A83F32B4}.Debug|Any CPU.Build.0 = Debug|Any CPU
		{C5DBB63A-EC13-35F1-4E9D-8040A83F32B4}.Release|Any CPU.ActiveCfg = Release|Any CPU
		{C5DBB63A-EC13-35F1-4E9D-8040A83F32B4}.Release|Any CPU.Build.0 = Release|Any CPU
		{6F97A8B4-19D1-628E-9D30-D664E54557AD}.Debug|Any CPU.ActiveCfg = Debug|Any CPU
		{6F97A8B4-19D1-628E-9D30-D664E54557AD}.Debug|Any CPU.Build.0 = Debug|Any CPU
		{6F97A8B4-19D1-628E-9D30-D664E54557AD}.Release|Any CPU.ActiveCfg = Release|Any CPU
		{6F97A8B4-19D1-628E-9D30-D664E54557AD}.Release|Any CPU.Build.0 = Release|Any CPU
	EndGlobalSection
	GlobalSection(SolutionProperties) = preSolution
		HideSolutionNode = FALSE
	EndGlobalSection
EndGlobal
