
Microsoft Visual Studio Solution File, Format Version 12.00
# Visual Studio 15
Project("{FAE04EC0-301F-11D3-BF4B-00C04F79EFBC}") = "Assembly-CSharp-Editor", "Assembly-CSharp-Editor.csproj", "{DB155397-94DB-DAC8-F4BD-9E32BFDFD5A5}"
EndProject
Project("{FAE04EC0-301F-11D3-BF4B-00C04F79EFBC}") = "Assembly-CSharp", "Assembly-CSharp.csproj", "{5C2C49F3-359E-DF3D-E572-61F8D3ED05C5}"
EndProject
Project("{FAE04EC0-301F-11D3-BF4B-00C04F79EFBC}") = "sc.terrain.painter.runtime", "sc.terrain.painter.runtime.csproj", "{C076D5A0-3036-0EBF-A42B-A54D9A1EA543}"
EndProject
Project("{FAE04EC0-301F-11D3-BF4B-00C04F79EFBC}") = "sc.terrain.painter.editor", "sc.terrain.painter.editor.csproj", "{6EC2EE1F-342D-BC2D-8912-1992B97D4AD7}"
EndProject
Global
	GlobalSection(SolutionConfigurationPlatforms) = preSolution
		Debug|Any CPU = Debug|Any CPU
		Release|Any CPU = Release|Any CPU
	EndGlobalSection
	GlobalSection(ProjectConfigurationPlatforms) = postSolution
		{DB155397-94DB-DAC8-F4BD-9E32BFDFD5A5}.Debug|Any CPU.ActiveCfg = Debug|Any CPU
		{DB155397-94DB-DAC8-F4BD-9E32BFDFD5A5}.Debug|Any CPU.Build.0 = Debug|Any CPU
		{DB155397-94DB-DAC8-F4BD-9E32BFDFD5A5}.Release|Any CPU.ActiveCfg = Release|Any CPU
		{DB155397-94DB-DAC8-F4BD-9E32BFDFD5A5}.Release|Any CPU.Build.0 = Release|Any CPU
		{5C2C49F3-359E-DF3D-E572-61F8D3ED05C5}.Debug|Any CPU.ActiveCfg = Debug|Any CPU
		{5C2C49F3-359E-DF3D-E572-61F8D3ED05C5}.Debug|Any CPU.Build.0 = Debug|Any CPU
		{5C2C49F3-359E-DF3D-E572-61F8D3ED05C5}.Release|Any CPU.ActiveCfg = Release|Any CPU
		{5C2C49F3-359E-DF3D-E572-61F8D3ED05C5}.Release|Any CPU.Build.0 = Release|Any CPU
		{C076D5A0-3036-0EBF-A42B-A54D9A1EA543}.Debug|Any CPU.ActiveCfg = Debug|Any CPU
		{C076D5A0-3036-0EBF-A42B-A54D9A1EA543}.Debug|Any CPU.Build.0 = Debug|Any CPU
		{C076D5A0-3036-0EBF-A42B-A54D9A1EA543}.Release|Any CPU.ActiveCfg = Release|Any CPU
		{C076D5A0-3036-0EBF-A42B-A54D9A1EA543}.Release|Any CPU.Build.0 = Release|Any CPU
		{6EC2EE1F-342D-BC2D-8912-1992B97D4AD7}.Debug|Any CPU.ActiveCfg = Debug|Any CPU
		{6EC2EE1F-342D-BC2D-8912-1992B97D4AD7}.Debug|Any CPU.Build.0 = Debug|Any CPU
		{6EC2EE1F-342D-BC2D-8912-1992B97D4AD7}.Release|Any CPU.ActiveCfg = Release|Any CPU
		{6EC2EE1F-342D-BC2D-8912-1992B97D4AD7}.Release|Any CPU.Build.0 = Release|Any CPU
	EndGlobalSection
	GlobalSection(SolutionProperties) = preSolution
		HideSolutionNode = FALSE
	EndGlobalSection
EndGlobal
